
Microsoft Visual Studio Solution File, Format Version 12.00
# Visual Studio Version 17
VisualStudioVersion = 17.5.33414.496
MinimumVisualStudioVersion = 10.0.40219.1
Project("{888888A0-9F3D-457C-B088-3A5042F75D52}") = "HelloApp", "HelloApp.pyproj", "{830F5B5D-3889-458E-9EC7-68A5DD9F53A7}"
EndProject
Global
	GlobalSection(SolutionConfigurationPlatforms) = preSolution
		Debug|Any CPU = Debug|Any CPU
		Release|Any CPU = Release|Any CPU
	EndGlobalSection
	GlobalSection(ProjectConfigurationPlatforms) = postSolution
		{830F5B5D-3889-458E-9EC7-68A5DD9F53A7}.Debug|Any CPU.ActiveCfg = Debug|Any CPU
		{830F5B5D-3889-458E-9EC7-68A5DD9F53A7}.Release|Any CPU.ActiveCfg = Release|Any CPU
	EndGlobalSection
	GlobalSection(SolutionProperties) = preSolution
		HideSolutionNode = FALSE
	EndGlobalSection
	GlobalSection(ExtensibilityGlobals) = postSolution
		SolutionGuid = {E3C6CDB3-F51E-4D3E-815C-FEB12C542B76}
	EndGlobalSection
EndGlobal
